// !$*UTF8*$!
{
	archiveVersion = 1;
	classes = {
	};
	objectVersion = 50;
	objects = {

/* Begin PBXBuildFile section */
		09B291C020F432CD00C75D59 /* AppDelegate.m in Sources */ = {isa = PBXBuildFile; fileRef = 09B291BF20F432CD00C75D59 /* AppDelegate.m */; };
		09B291C320F432CD00C75D59 /* FirstViewController.m in Sources */ = {isa = PBXBuildFile; fileRef = 09B291C220F432CD00C75D59 /* FirstViewController.m */; };
		09B291C620F432CD00C75D59 /* SecondViewController.m in Sources */ = {isa = PBXBuildFile; fileRef = 09B291C520F432CD00C75D59 /* SecondViewController.m */; };
		09B291C920F432CD00C75D59 /* Main.storyboard in Resources */ = {isa = PBXBuildFile; fileRef = 09B291C720F432CD00C75D59 /* Main.storyboard */; };
		09B291CB20F432CD00C75D59 /* Assets.xcassets in Resources */ = {isa = PBXBuildFile; fileRef = 09B291CA20F432CD00C75D59 /* Assets.xcassets */; };
		09B291CE20F432CD00C75D59 /* LaunchScreen.storyboard in Resources */ = {isa = PBXBuildFile; fileRef = 09B291CC20F432CD00C75D59 /* LaunchScreen.storyboard */; };
		09B291D120F432CD00C75D59 /* main.m in Sources */ = {isa = PBXBuildFile; fileRef = 09B291D020F432CD00C75D59 /* main.m */; };
/* End PBXBuildFile section */

/* Begin PBXFileReference section */
		09B291BB20F432CD00C75D59 /* TabApp.app */ = {isa = PBXFileReference; explicitFileType = wrapper.application; includeInIndex = 0; path = TabApp.app; sourceTree = BUILT_PRODUCTS_DIR; };
		09B291BE20F432CD00C75D59 /* AppDelegate.h */ = {isa = PBXFileReference; lastKnownFileType = sourcecode.c.h; path = AppDelegate.h; sourceTree = "<group>"; };
		09B291BF20F432CD00C75D59 /* AppDelegate.m */ = {isa = PBXFileReference; lastKnownFileType = sourcecode.c.objc; path = AppDelegate.m; sourceTree = "<group>"; };
		09B291C120F432CD00C75D59 /* FirstViewController.h */ = {isa = PBXFileReference; lastKnownFileType = sourcecode.c.h; path = FirstViewController.h; sourceTree = "<group>"; };
		09B291C220F432CD00C75D59 /* FirstViewController.m */ = {isa = PBXFileReference; lastKnownFileType = sourcecode.c.objc; path = FirstViewController.m; sourceTree = "<group>"; };
		09B291C420F432CD00C75D59 /* SecondViewController.h */ = {isa = PBXFileReference; lastKnownFileType = sourcecode.c.h; path = SecondViewController.h; sourceTree = "<group>"; };
		09B291C520F432CD00C75D59 /* SecondViewController.m */ = {isa = PBXFileReference; lastKnownFileType = sourcecode.c.objc; path = SecondViewController.m; sourceTree = "<group>"; };
		09B291C820F432CD00C75D59 /* Base */ = {isa = PBXFileReference; lastKnownFileType = file.storyboard; name = Base; path = Base.lproj/Main.storyboard; sourceTree = "<group>"; };
		09B291CA20F432CD00C75D59 /* Assets.xcassets */ = {isa = PBXFileReference; lastKnownFileType = folder.assetcatalog; path = Assets.xcassets; sourceTree = "<group>"; };
		09B291CD20F432CD00C75D59 /* Base */ = {isa = PBXFileReference; lastKnownFileType = file.storyboard; name = Base; path = Base.lproj/LaunchScreen.storyboard; sourceTree = "<group>"; };
		09B291CF20F432CD00C75D59 /* Info.plist */ = {isa = PBXFileReference; lastKnownFileType = text.plist.xml; path = Info.plist; sourceTree = "<group>"; };
		09B291D020F432CD00C75D59 /* main.m */ = {isa = PBXFileReference; lastKnownFileType = sourcecode.c.objc; path = main.m; sourceTree = "<group>"; };
/* End PBXFileReference section */

/* Begin PBXFrameworksBuildPhase section */
		09B291B820F432CD00C75D59 /* Frameworks */ = {
			isa = PBXFrameworksBuildPhase;
			buildActionMask = 2147483647;
			files = (
			);
			runOnlyForDeploymentPostprocessing = 0;
		};
/* End PBXFrameworksBuildPhase section */

/* Begin PBXGroup section */
		09B291B220F432CD00C75D59 = {
			isa = PBXGroup;
			children = (
				09B291BD20F432CD00C75D59 /* TabApp */,
				09B291BC20F432CD00C75D59 /* Products */,
			);
			sourceTree = "<group>";
		};
		09B291BC20F432CD00C75D59 /* Products */ = {
			isa = PBXGroup;
			children = (
				09B291BB20F432CD00C75D59 /* TabApp.app */,
			);
			name = Products;
			sourceTree = "<group>";
		};
		09B291BD20F432CD00C75D59 /* TabApp */ = {
			isa = PBXGroup;
			children = (
				09B291BE20F432CD00C75D59 /* AppDelegate.h */,
				09B291BF20F432CD00C75D59 /* AppDelegate.m */,
				09B291C120F432CD00C75D59 /* FirstViewController.h */,
				09B291C220F432CD00C75D59 /* FirstViewController.m */,
				09B291C420F432CD00C75D59 /* SecondViewController.h */,
				09B291C520F432CD00C75D59 /* SecondViewController.m */,
				09B291C720F432CD00C75D59 /* Main.storyboard */,
				09B291CA20F432CD00C75D59 /* Assets.xcassets */,
				09B291CC20F432CD00C75D59 /* LaunchScreen.storyboard */,
				09B291CF20F432CD00C75D59 /* Info.plist */,
				09B291D020F432CD00C75D59 /* main.m */,
			);
			path = TabApp;
			sourceTree = "<group>";
		};
/* End PBXGroup section */

/* Begin PBXNativeTarget section */
		09B291BA20F432CD00C75D59 /* TabApp */ = {
			isa = PBXNativeTarget;
			buildConfigurationList = 09B291D420F432CD00C75D59 /* Build configuration list for PBXNativeTarget "TabApp" */;
			buildPhases = (
				09B291B720F432CD00C75D59 /* Sources */,
				09B291B820F432CD00C75D59 /* Frameworks */,
				09B291B920F432CD00C75D59 /* Resources */,
			);
			buildRules = (
			);
			dependencies = (
			);
			name = TabApp;
			productName = TabApp;
			productReference = 09B291BB20F432CD00C75D59 /* TabApp.app */;
			productType = "com.apple.product-type.application";
		};
/* End PBXNativeTarget section */

/* Begin PBXProject section */
		09B291B320F432CD00C75D59 /* Project object */ = {
			isa = PBXProject;
			attributes = {
				LastUpgradeCheck = 0940;
				ORGANIZATIONNAME = "Илья Юхновский";
				TargetAttributes = {
					09B291BA20F432CD00C75D59 = {
						CreatedOnToolsVersion = 9.4.1;
					};
				};
			};
			buildConfigurationList = 09B291B620F432CD00C75D59 /* Build configuration list for PBXProject "TabApp" */;
			compatibilityVersion = "Xcode 9.3";
			developmentRegion = en;
			hasScannedForEncodings = 0;
			knownRegions = (
				en,
				Base,
			);
			mainGroup = 09B291B220F432CD00C75D59;
			productRefGroup = 09B291BC20F432CD00C75D59 /* Products */;
			projectDirPath = "";
			projectRoot = "";
			targets = (
				09B291BA20F432CD00C75D59 /* TabApp */,
			);
		};
/* End PBXProject section */

/* Begin PBXResourcesBuildPhase section */
		09B291B920F432CD00C75D59 /* Resources */ = {
			isa = PBXResourcesBuildPhase;
			buildActionMask = 2147483647;
			files = (
				09B291CE20F432CD00C75D59 /* LaunchScreen.storyboard in Resources */,
				09B291CB20F432CD00C75D59 /* Assets.xcassets in Resources */,
				09B291C920F432CD00C75D59 /* Main.storyboard in Resources */,
			);
			runOnlyForDeploymentPostprocessing = 0;
		};
/* End PBXResourcesBuildPhase section */

/* Begin PBXSourcesBuildPhase section */
		09B291B720F432CD00C75D59 /* Sources */ = {
			isa = PBXSourcesBuildPhase;
			buildActionMask = 2147483647;
			files = (
				09B291C620F432CD00C75D59 /* SecondViewController.m in Sources */,
				09B291C020F432CD00C75D59 /* AppDelegate.m in Sources */,
				09B291D120F432CD00C75D59 /* main.m in Sources */,
				09B291C320F432CD00C75D59 /* FirstViewController.m in Sources */,
			);
			runOnlyForDeploymentPostprocessing = 0;
		};
/* End PBXSourcesBuildPhase section */

/* Begin PBXVariantGroup section */
		09B291C720F432CD00C75D59 /* Main.storyboard */ = {
			isa = PBXVariantGroup;
			children = (
				09B291C820F432CD00C75D59 /* Base */,
			);
			name = Main.storyboard;
			sourceTree = "<group>";
		};
		09B291CC20F432CD00C75D59 /* LaunchScreen.storyboard */ = {
			isa = PBXVariantGroup;
			children = (
				09B291CD20F432CD00C75D59 /* Base */,
			);
			name = LaunchScreen.storyboard;
			sourceTree = "<group>";
		};
/* End PBXVariantGroup section */

/* Begin XCBuildConfiguration section */
		09B291D220F432CD00C75D59 /* Debug */ = {
			isa = XCBuildConfiguration;
			buildSettings = {
				ALWAYS_SEARCH_USER_PATHS = NO;
				CLANG_ANALYZER_NONNULL = YES;
				CLANG_ANALYZER_NUMBER_OBJECT_CONVERSION = YES_AGGRESSIVE;
				CLANG_CXX_LANGUAGE_STANDARD = "gnu++14";
				CLANG_CXX_LIBRARY = "libc++";
				CLANG_ENABLE_MODULES = YES;
				CLANG_ENABLE_OBJC_ARC = YES;
				CLANG_ENABLE_OBJC_WEAK = YES;
				CLANG_WARN_BLOCK_CAPTURE_AUTORELEASING = YES;
				CLANG_WARN_BOOL_CONVERSION = YES;
				CLANG_WARN_COMMA = YES;
				CLANG_WARN_CONSTANT_CONVERSION = YES;
				CLANG_WARN_DEPRECATED_OBJC_IMPLEMENTATIONS = YES;
				CLANG_WARN_DIRECT_OBJC_ISA_USAGE = YES_ERROR;
				CLANG_WARN_DOCUMENTATION_COMMENTS = YES;
				CLANG_WARN_EMPTY_BODY = YES;
				CLANG_WARN_ENUM_CONVERSION = YES;
				CLANG_WARN_INFINITE_RECURSION = YES;
				CLANG_WARN_INT_CONVERSION = YES;
				CLANG_WARN_NON_LITERAL_NULL_CONVERSION = YES;
				CLANG_WARN_OBJC_IMPLICIT_RETAIN_SELF = YES;
				CLANG_WARN_OBJC_LITERAL_CONVERSION = YES;
				CLANG_WARN_OBJC_ROOT_CLASS = YES_ERROR;
				CLANG_WARN_RANGE_LOOP_ANALYSIS = YES;
				CLANG_WARN_STRICT_PROTOTYPES = YES;
				CLANG_WARN_SUSPICIOUS_MOVE = YES;
				CLANG_WARN_UNGUARDED_AVAILABILITY = YES_AGGRESSIVE;
				CLANG_WARN_UNREACHABLE_CODE = YES;
				CLANG_WARN__DUPLICATE_METHOD_MATCH = YES;
				CODE_SIGN_IDENTITY = "iPhone Developer";
				COPY_PHASE_STRIP = NO;
				DEBUG_INFORMATION_FORMAT = dwarf;
				ENABLE_STRICT_OBJC_MSGSEND = YES;
				ENABLE_TESTABILITY = YES;
				GCC_C_LANGUAGE_STANDARD = gnu11;
				GCC_DYNAMIC_NO_PIC = NO;
				GCC_NO_COMMON_BLOCKS = YES;
				GCC_OPTIMIZATION_LEVEL = 0;
				GCC_PREPROCESSOR_DEFINITIONS = (
					"DEBUG=1",
					"$(inherited)",
				);
				GCC_WARN_64_TO_32_BIT_CONVERSION = YES;
				GCC_WARN_ABOUT_RETURN_TYPE = YES_ERROR;
				GCC_WARN_UNDECLARED_SELECTOR = YES;
				GCC_WARN_UNINITIALIZED_AUTOS = YES_AGGRESSIVE;
				GCC_WARN_UNUSED_FUNCTION = YES;
				GCC_WARN_UNUSED_VARIABLE = YES;
				IPHONEOS_DEPLOYMENT_TARGET = 11.4;
				MTL_ENABLE_DEBUG_INFO = YES;
				ONLY_ACTIVE_ARCH = YES;
				SDKROOT = iphoneos;
			};
			name = Debug;
		};
		09B291D320F432CD00C75D59 /* Release */ = {
			isa = XCBuildConfiguration;
			buildSettings = {
				ALWAYS_SEARCH_USER_PATHS = NO;
				CLANG_ANALYZER_NONNULL = YES;
				CLANG_ANALYZER_NUMBER_OBJECT_CONVERSION = YES_AGGRESSIVE;
				CLANG_CXX_LANGUAGE_STANDARD = "gnu++14";
				CLANG_CXX_LIBRARY = "libc++";
				CLANG_ENABLE_MODULES = YES;
				CLANG_ENABLE_OBJC_ARC = YES;
				CLANG_ENABLE_OBJC_WEAK = YES;
				CLANG_WARN_BLOCK_CAPTURE_AUTORELEASING = YES;
				CLANG_WARN_BOOL_CONVERSION = YES;
				CLANG_WARN_COMMA = YES;
				CLANG_WARN_CONSTANT_CONVERSION = YES;
				CLANG_WARN_DEPRECATED_OBJC_IMPLEMENTATIONS = YES;
				CLANG_WARN_DIRECT_OBJC_ISA_USAGE = YES_ERROR;
				CLANG_WARN_DOCUMENTATION_COMMENTS = YES;
				CLANG_WARN_EMPTY_BODY = YES;
				CLANG_WARN_ENUM_CONVERSION = YES;
				CLANG_WARN_INFINITE_RECURSION = YES;
				CLANG_WARN_INT_CONVERSION = YES;
				CLANG_WARN_NON_LITERAL_NULL_CONVERSION = YES;
				CLANG_WARN_OBJC_IMPLICIT_RETAIN_SELF = YES;
				CLANG_WARN_OBJC_LITERAL_CONVERSION = YES;
				CLANG_WARN_OBJC_ROOT_CLASS = YES_ERROR;
				CLANG_WARN_RANGE_LOOP_ANALYSIS = YES;
				CLANG_WARN_STRICT_PROTOTYPES = YES;
				CLANG_WARN_SUSPICIOUS_MOVE = YES;
				CLANG_WARN_UNGUARDED_AVAILABILITY = YES_AGGRESSIVE;
				CLANG_WARN_UNREACHABLE_CODE = YES;
				CLANG_WARN__DUPLICATE_METHOD_MATCH = YES;
				CODE_SIGN_IDENTITY = "iPhone Developer";
				COPY_PHASE_STRIP = NO;
				DEBUG_INFORMATION_FORMAT = "dwarf-with-dsym";
				ENABLE_NS_ASSERTIONS = NO;
				ENABLE_STRICT_OBJC_MSGSEND = YES;
				GCC_C_LANGUAGE_STANDARD = gnu11;
				GCC_NO_COMMON_BLOCKS = YES;
				GCC_WARN_64_TO_32_BIT_CONVERSION = YES;
				GCC_WARN_ABOUT_RETURN_TYPE = YES_ERROR;
				GCC_WARN_UNDECLARED_SELECTOR = YES;
				GCC_WARN_UNINITIALIZED_AUTOS = YES_AGGRESSIVE;
				GCC_WARN_UNUSED_FUNCTION = YES;
				GCC_WARN_UNUSED_VARIABLE = YES;
				IPHONEOS_DEPLOYMENT_TARGET = 11.4;
				MTL_ENABLE_DEBUG_INFO = NO;
				SDKROOT = iphoneos;
				VALIDATE_PRODUCT = YES;
			};
			name = Release;
		};
		09B291D520F432CD00C75D59 /* Debug */ = {
			isa = XCBuildConfiguration;
			buildSettings = {
				ASSETCATALOG_COMPILER_APPICON_NAME = AppIcon;
				CODE_SIGN_STYLE = Automatic;
				DEVELOPMENT_TEAM = ZKNT78S249;
				INFOPLIST_FILE = TabApp/Info.plist;
				LD_RUNPATH_SEARCH_PATHS = (
					"$(inherited)",
					"@executable_path/Frameworks",
				);
				PRODUCT_BUNDLE_IDENTIFIER = sberbank.ru.TabApp;
				PRODUCT_NAME = "$(TARGET_NAME)";
				TARGETED_DEVICE_FAMILY = "1,2";
			};
			name = Debug;
		};
		09B291D620F432CD00C75D59 /* Release */ = {
			isa = XCBuildConfiguration;
			buildSettings = {
				ASSETCATALOG_COMPILER_APPICON_NAME = AppIcon;
				CODE_SIGN_STYLE = Automatic;
				DEVELOPMENT_TEAM = ZKNT78S249;
				INFOPLIST_FILE = TabApp/Info.plist;
				LD_RUNPATH_SEARCH_PATHS = (
					"$(inherited)",
					"@executable_path/Frameworks",
				);
				PRODUCT_BUNDLE_IDENTIFIER = sberbank.ru.TabApp;
				PRODUCT_NAME = "$(TARGET_NAME)";
				TARGETED_DEVICE_FAMILY = "1,2";
			};
			name = Release;
		};
/* End XCBuildConfiguration section */

/* Begin XCConfigurationList section */
		09B291B620F432CD00C75D59 /* Build configuration list for PBXProject "TabApp" */ = {
			isa = XCConfigurationList;
			buildConfigurations = (
				09B291D220F432CD00C75D59 /* Debug */,
				09B291D320F432CD00C75D59 /* Release */,
			);
			defaultConfigurationIsVisible = 0;
			defaultConfigurationName = Release;
		};
		09B291D420F432CD00C75D59 /* Build configuration list for PBXNativeTarget "TabApp" */ = {
			isa = XCConfigurationList;
			buildConfigurations = (
				09B291D520F432CD00C75D59 /* Debug */,
				09B291D620F432CD00C75D59 /* Release */,
			);
			defaultConfigurationIsVisible = 0;
			defaultConfigurationName = Release;
		};
/* End XCConfigurationList section */
	};
	rootObject = 09B291B320F432CD00C75D59 /* Project object */;
}
